
Microsoft Visual Studio Solution File, Format Version 12.00
# Visual Studio Version 17
VisualStudioVersion = 17.12.35521.163
MinimumVisualStudioVersion = 10.0.40219.1
Project("{FAE04EC0-301F-11D3-BF4B-00C04F79EFBC}") = "Greeter", "Greeter\Greeter.csproj", "{25558FC9-E80B-4DA5-8D34-2C3887DAEF65}"
EndProject
Project("{2150E333-8FDC-42A3-9474-1A3956D46DE8}") = "M001-Vorstellung", "M001-Vorstellung", "{B6E1FE27-8663-4EA8-B3F6-BA2B425C8364}"
EndProject
Project("{2150E333-8FDC-42A3-9474-1A3956D46DE8}") = "M002-Konfiguration", "M002-Konfiguration", "{72AFD062-B3D3-4BEA-8A69-542F4CC1E79A}"
EndProject
Project("{FAE04EC0-301F-11D3-BF4B-00C04F79EFBC}") = "HelloIoC", "HelloIoC\HelloIoC.csproj", "{5E145CFF-862E-4EE2-B0A7-97E28A41CB41}"
EndProject
Project("{FAE04EC0-301F-11D3-BF4B-00C04F79EFBC}") = "HelloLogging", "HelloLogging\HelloLogging.csproj", "{0595EE73-9FD7-4026-9E1B-549817CA47BC}"
EndProject
Project("{FAE04EC0-301F-11D3-BF4B-00C04F79EFBC}") = "LabIoC", "LabIoC\LabIoC.csproj", "{2A547319-7465-4210-9F12-5CCFC5F761D1}"
EndProject
Project("{2150E333-8FDC-42A3-9474-1A3956D46DE8}") = "Shared", "Shared", "{D6066BFB-8681-4667-B17F-465B87CD2CDA}"
EndProject
Project("{FAE04EC0-301F-11D3-BF4B-00C04F79EFBC}") = "BusinessModel", "BusinessModel\BusinessModel.csproj", "{39B808CF-2026-402B-B92D-A23D238732A7}"
EndProject
Project("{FAE04EC0-301F-11D3-BF4B-00C04F79EFBC}") = "BusinessModel.Tests", "BusinessModel.Tests\BusinessModel.Tests.csproj", "{B949C2B9-6085-40BF-95C0-DF2C892B0661}"
EndProject
Project("{FAE04EC0-301F-11D3-BF4B-00C04F79EFBC}") = "DemoMvcApp", "DemoMvcApp\DemoMvcApp.csproj", "{57A11939-D17D-4436-99C0-EB36F79A52CF}"
EndProject
Project("{FAE04EC0-301F-11D3-BF4B-00C04F79EFBC}") = "LabMovieStore", "LabMovieStore\LabMovieStore.csproj", "{B974524A-0D82-4952-A5F7-5A72A476C723}"
EndProject
Project("{2150E333-8FDC-42A3-9474-1A3956D46DE8}") = "M003-MvcApp", "M003-MvcApp", "{5B32A8E3-9FC1-4B95-BECC-F208CC83637A}"
EndProject
Project("{FAE04EC0-301F-11D3-BF4B-00C04F79EFBC}") = "LabMvcApp", "LabMvcApp\LabMvcApp.csproj", "{9B1DF3D0-F205-48C5-B50D-48F4AE1F2A80}"
EndProject
Project("{2150E333-8FDC-42A3-9474-1A3956D46DE8}") = "M006-FileServer", "M006-FileServer", "{412B589E-BEC7-4872-B81D-48D6CF7B5B34}"
EndProject
Project("{FAE04EC0-301F-11D3-BF4B-00C04F79EFBC}") = "FileServer", "FileServer\FileServer.csproj", "{DC2A0063-13B6-438A-8B67-0825B35EDF7B}"
EndProject
Global
	GlobalSection(SolutionConfigurationPlatforms) = preSolution
		Debug|Any CPU = Debug|Any CPU
		Release|Any CPU = Release|Any CPU
	EndGlobalSection
	GlobalSection(ProjectConfigurationPlatforms) = postSolution
		{25558FC9-E80B-4DA5-8D34-2C3887DAEF65}.Debug|Any CPU.ActiveCfg = Debug|Any CPU
		{25558FC9-E80B-4DA5-8D34-2C3887DAEF65}.Debug|Any CPU.Build.0 = Debug|Any CPU
		{25558FC9-E80B-4DA5-8D34-2C3887DAEF65}.Release|Any CPU.ActiveCfg = Release|Any CPU
		{25558FC9-E80B-4DA5-8D34-2C3887DAEF65}.Release|Any CPU.Build.0 = Release|Any CPU
		{5E145CFF-862E-4EE2-B0A7-97E28A41CB41}.Debug|Any CPU.ActiveCfg = Debug|Any CPU
		{5E145CFF-862E-4EE2-B0A7-97E28A41CB41}.Debug|Any CPU.Build.0 = Debug|Any CPU
		{5E145CFF-862E-4EE2-B0A7-97E28A41CB41}.Release|Any CPU.ActiveCfg = Release|Any CPU
		{5E145CFF-862E-4EE2-B0A7-97E28A41CB41}.Release|Any CPU.Build.0 = Release|Any CPU
		{0595EE73-9FD7-4026-9E1B-549817CA47BC}.Debug|Any CPU.ActiveCfg = Debug|Any CPU
		{0595EE73-9FD7-4026-9E1B-549817CA47BC}.Debug|Any CPU.Build.0 = Debug|Any CPU
		{0595EE73-9FD7-4026-9E1B-549817CA47BC}.Release|Any CPU.ActiveCfg = Release|Any CPU
		{0595EE73-9FD7-4026-9E1B-549817CA47BC}.Release|Any CPU.Build.0 = Release|Any CPU
		{2A547319-7465-4210-9F12-5CCFC5F761D1}.Debug|Any CPU.ActiveCfg = Debug|Any CPU
		{2A547319-7465-4210-9F12-5CCFC5F761D1}.Debug|Any CPU.Build.0 = Debug|Any CPU
		{2A547319-7465-4210-9F12-5CCFC5F761D1}.Release|Any CPU.ActiveCfg = Release|Any CPU
		{2A547319-7465-4210-9F12-5CCFC5F761D1}.Release|Any CPU.Build.0 = Release|Any CPU
		{39B808CF-2026-402B-B92D-A23D238732A7}.Debug|Any CPU.ActiveCfg = Debug|Any CPU
		{39B808CF-2026-402B-B92D-A23D238732A7}.Debug|Any CPU.Build.0 = Debug|Any CPU
		{39B808CF-2026-402B-B92D-A23D238732A7}.Release|Any CPU.ActiveCfg = Release|Any CPU
		{39B808CF-2026-402B-B92D-A23D238732A7}.Release|Any CPU.Build.0 = Release|Any CPU
		{B949C2B9-6085-40BF-95C0-DF2C892B0661}.Debug|Any CPU.ActiveCfg = Debug|Any CPU
		{B949C2B9-6085-40BF-95C0-DF2C892B0661}.Debug|Any CPU.Build.0 = Debug|Any CPU
		{B949C2B9-6085-40BF-95C0-DF2C892B0661}.Release|Any CPU.ActiveCfg = Release|Any CPU
		{B949C2B9-6085-40BF-95C0-DF2C892B0661}.Release|Any CPU.Build.0 = Release|Any CPU
		{57A11939-D17D-4436-99C0-EB36F79A52CF}.Debug|Any CPU.ActiveCfg = Debug|Any CPU
		{57A11939-D17D-4436-99C0-EB36F79A52CF}.Debug|Any CPU.Build.0 = Debug|Any CPU
		{57A11939-D17D-4436-99C0-EB36F79A52CF}.Release|Any CPU.ActiveCfg = Release|Any CPU
		{57A11939-D17D-4436-99C0-EB36F79A52CF}.Release|Any CPU.Build.0 = Release|Any CPU
		{B974524A-0D82-4952-A5F7-5A72A476C723}.Debug|Any CPU.ActiveCfg = Debug|Any CPU
		{B974524A-0D82-4952-A5F7-5A72A476C723}.Debug|Any CPU.Build.0 = Debug|Any CPU
		{B974524A-0D82-4952-A5F7-5A72A476C723}.Release|Any CPU.ActiveCfg = Release|Any CPU
		{B974524A-0D82-4952-A5F7-5A72A476C723}.Release|Any CPU.Build.0 = Release|Any CPU
		{9B1DF3D0-F205-48C5-B50D-48F4AE1F2A80}.Debug|Any CPU.ActiveCfg = Debug|Any CPU
		{9B1DF3D0-F205-48C5-B50D-48F4AE1F2A80}.Debug|Any CPU.Build.0 = Debug|Any CPU
		{9B1DF3D0-F205-48C5-B50D-48F4AE1F2A80}.Release|Any CPU.ActiveCfg = Release|Any CPU
		{9B1DF3D0-F205-48C5-B50D-48F4AE1F2A80}.Release|Any CPU.Build.0 = Release|Any CPU
		{DC2A0063-13B6-438A-8B67-0825B35EDF7B}.Debug|Any CPU.ActiveCfg = Debug|Any CPU
		{DC2A0063-13B6-438A-8B67-0825B35EDF7B}.Debug|Any CPU.Build.0 = Debug|Any CPU
		{DC2A0063-13B6-438A-8B67-0825B35EDF7B}.Release|Any CPU.ActiveCfg = Release|Any CPU
		{DC2A0063-13B6-438A-8B67-0825B35EDF7B}.Release|Any CPU.Build.0 = Release|Any CPU
	EndGlobalSection
	GlobalSection(SolutionProperties) = preSolution
		HideSolutionNode = FALSE
	EndGlobalSection
	GlobalSection(NestedProjects) = preSolution
		{25558FC9-E80B-4DA5-8D34-2C3887DAEF65} = {B6E1FE27-8663-4EA8-B3F6-BA2B425C8364}
		{5E145CFF-862E-4EE2-B0A7-97E28A41CB41} = {72AFD062-B3D3-4BEA-8A69-542F4CC1E79A}
		{0595EE73-9FD7-4026-9E1B-549817CA47BC} = {72AFD062-B3D3-4BEA-8A69-542F4CC1E79A}
		{2A547319-7465-4210-9F12-5CCFC5F761D1} = {72AFD062-B3D3-4BEA-8A69-542F4CC1E79A}
		{39B808CF-2026-402B-B92D-A23D238732A7} = {D6066BFB-8681-4667-B17F-465B87CD2CDA}
		{B949C2B9-6085-40BF-95C0-DF2C892B0661} = {D6066BFB-8681-4667-B17F-465B87CD2CDA}
		{57A11939-D17D-4436-99C0-EB36F79A52CF} = {5B32A8E3-9FC1-4B95-BECC-F208CC83637A}
		{B974524A-0D82-4952-A5F7-5A72A476C723} = {5B32A8E3-9FC1-4B95-BECC-F208CC83637A}
		{9B1DF3D0-F205-48C5-B50D-48F4AE1F2A80} = {5B32A8E3-9FC1-4B95-BECC-F208CC83637A}
		{DC2A0063-13B6-438A-8B67-0825B35EDF7B} = {412B589E-BEC7-4872-B81D-48D6CF7B5B34}
	EndGlobalSection
EndGlobal
